# This file is automatically @generated by Cargo.
# It is not intended for manual editing.
version = 4

[[package]]
name = "tasqs"
version = "0.1.0"
dependencies = [
 "tasqs-cli",
]

[[package]]
name = "tasqs-cli"
version = "0.1.0"
dependencies = [
 "tasqs-core",
]

[[package]]
name = "tasqs-core"
version = "0.1.0"

[[package]]
name = "tasqs-tui"
version = "0.1.0"
